
Microsoft Visual Studio Solution File, Format Version 12.00
# Visual Studio Version 16
VisualStudioVersion = 16.0.32106.194
MinimumVisualStudioVersion = 10.0.40219.1
Project("{FAE04EC0-301F-11D3-BF4B-00C04F79EFBC}") = "Line-Comparison-Problems", "Line-Comparison-Problems.csproj", "{8FEDB6DA-3DDF-494B-9A2E-BC6BD25C42CB}"
EndProject
Global
	GlobalSection(SolutionConfigurationPlatforms) = preSolution
		Debug|Any CPU = Debug|Any CPU
		Release|Any CPU = Release|Any CPU
	EndGlobalSection
	GlobalSection(ProjectConfigurationPlatforms) = postSolution
		{8FEDB6DA-3DDF-494B-9A2E-BC6BD25C42CB}.Debug|Any CPU.ActiveCfg = Debug|Any CPU
		{8FEDB6DA-3DDF-494B-9A2E-BC6BD25C42CB}.Debug|Any CPU.Build.0 = Debug|Any CPU
		{8FEDB6DA-3DDF-494B-9A2E-BC6BD25C42CB}.Release|Any CPU.ActiveCfg = Release|Any CPU
		{8FEDB6DA-3DDF-494B-9A2E-BC6BD25C42CB}.Release|Any CPU.Build.0 = Release|Any CPU
	EndGlobalSection
	GlobalSection(SolutionProperties) = preSolution
		HideSolutionNode = FALSE
	EndGlobalSection
	GlobalSection(ExtensibilityGlobals) = postSolution
		SolutionGuid = {A2856ADA-D8D5-49C1-8BE3-B265FF535457}
	EndGlobalSection
EndGlobal
